
Microsoft Visual Studio Solution File, Format Version 12.00
# Visual Studio 15
VisualStudioVersion = 15.0.27130.2003
MinimumVisualStudioVersion = 10.0.40219.1
Project("{FAE04EC0-301F-11D3-BF4B-00C04F79EFBC}") = "ChatBotBackEnd", "ChatBotBackEnd\ChatBotBackEnd.csproj", "{D2297AB3-58D2-49EB-AB19-906268144E8B}"
EndProject
Global
	GlobalSection(SolutionConfigurationPlatforms) = preSolution
		Debug|Any CPU = Debug|Any CPU
		Release|Any CPU = Release|Any CPU
	EndGlobalSection
	GlobalSection(ProjectConfigurationPlatforms) = postSolution
		{D2297AB3-58D2-49EB-AB19-906268144E8B}.Debug|Any CPU.ActiveCfg = Debug|Any CPU
		{D2297AB3-58D2-49EB-AB19-906268144E8B}.Debug|Any CPU.Build.0 = Debug|Any CPU
		{D2297AB3-58D2-49EB-AB19-906268144E8B}.Release|Any CPU.ActiveCfg = Release|Any CPU
		{D2297AB3-58D2-49EB-AB19-906268144E8B}.Release|Any CPU.Build.0 = Release|Any CPU
	EndGlobalSection
	GlobalSection(SolutionProperties) = preSolution
		HideSolutionNode = FALSE
	EndGlobalSection
	GlobalSection(ExtensibilityGlobals) = postSolution
		SolutionGuid = {1F124A12-82B7-4221-962D-40C2D40DFC82}
	EndGlobalSection
EndGlobal
